// !$*UTF8*$!
{
	archiveVersion = 1;
	classes = {
	};
	objectVersion = 50;
	objects = {

/* Begin PBXBuildFile section */
		D658E4B6216CD5C500FB80F5 /* main.swift in Sources */ = {isa = PBXBuildFile; fileRef = D658E4B5216CD5C500FB80F5 /* main.swift */; };
		D658E4BD216CD5E200FB80F5 /* Tester.swift in Sources */ = {isa = PBXBuildFile; fileRef = D658E4BC216CD5E200FB80F5 /* Tester.swift */; };
		D6780328216F33EA00C342A8 /* TestableUnaryArithmetic.swift in Sources */ = {isa = PBXBuildFile; fileRef = D6780327216F33EA00C342A8 /* TestableUnaryArithmetic.swift */; };
		D678032A216F355E00C342A8 /* TestableBitwise.swift in Sources */ = {isa = PBXBuildFile; fileRef = D6780329216F355E00C342A8 /* TestableBitwise.swift */; };
		D678032C216F35EC00C342A8 /* TestableAssignment.swift in Sources */ = {isa = PBXBuildFile; fileRef = D678032B216F35EC00C342A8 /* TestableAssignment.swift */; };
		D678032E216F367600C342A8 /* TestableComparing.swift in Sources */ = {isa = PBXBuildFile; fileRef = D678032D216F367600C342A8 /* TestableComparing.swift */; };
		D68419FF216F4E3B0014D91E /* TestableInt.swift in Sources */ = {isa = PBXBuildFile; fileRef = D68419FE216F4E3B0014D91E /* TestableInt.swift */; };
		D6841A01216F4EB70014D91E /* TestableFloat.swift in Sources */ = {isa = PBXBuildFile; fileRef = D6841A00216F4EB70014D91E /* TestableFloat.swift */; };
		D6841A03216F50570014D91E /* TestableDouble.swift in Sources */ = {isa = PBXBuildFile; fileRef = D6841A02216F50570014D91E /* TestableDouble.swift */; };
		D6841A05216F51B70014D91E /* TestableBool.swift in Sources */ = {isa = PBXBuildFile; fileRef = D6841A04216F51B70014D91E /* TestableBool.swift */; };
		D6C9B1A5216E8D8900D46BE2 /* TestingError.swift in Sources */ = {isa = PBXBuildFile; fileRef = D6C9B1A4216E8D8900D46BE2 /* TestingError.swift */; };
		D6C9B1C0216EA00700D46BE2 /* TestableBinaryArithmetic.swift in Sources */ = {isa = PBXBuildFile; fileRef = D6C9B1BF216EA00700D46BE2 /* TestableBinaryArithmetic.swift */; };
		D6C9B1C4216EA06C00D46BE2 /* TestableString.swift in Sources */ = {isa = PBXBuildFile; fileRef = D6C9B1C3216EA06C00D46BE2 /* TestableString.swift */; };
/* End PBXBuildFile section */

/* Begin PBXCopyFilesBuildPhase section */
		D658E4B0216CD5C500FB80F5 /* CopyFiles */ = {
			isa = PBXCopyFilesBuildPhase;
			buildActionMask = 2147483647;
			dstPath = /usr/share/man/man1/;
			dstSubfolderSpec = 0;
			files = (
			);
			runOnlyForDeploymentPostprocessing = 1;
		};
/* End PBXCopyFilesBuildPhase section */

/* Begin PBXFileReference section */
		D658E4B2216CD5C500FB80F5 /* JavaLAB2 */ = {isa = PBXFileReference; explicitFileType = "compiled.mach-o.executable"; includeInIndex = 0; path = JavaLAB2; sourceTree = BUILT_PRODUCTS_DIR; };
		D658E4B5216CD5C500FB80F5 /* main.swift */ = {isa = PBXFileReference; lastKnownFileType = sourcecode.swift; path = main.swift; sourceTree = "<group>"; };
		D658E4BC216CD5E200FB80F5 /* Tester.swift */ = {isa = PBXFileReference; lastKnownFileType = sourcecode.swift; path = Tester.swift; sourceTree = "<group>"; };
		D6780327216F33EA00C342A8 /* TestableUnaryArithmetic.swift */ = {isa = PBXFileReference; lastKnownFileType = sourcecode.swift; path = TestableUnaryArithmetic.swift; sourceTree = "<group>"; };
		D6780329216F355E00C342A8 /* TestableBitwise.swift */ = {isa = PBXFileReference; lastKnownFileType = sourcecode.swift; path = TestableBitwise.swift; sourceTree = "<group>"; };
		D678032B216F35EC00C342A8 /* TestableAssignment.swift */ = {isa = PBXFileReference; lastKnownFileType = sourcecode.swift; path = TestableAssignment.swift; sourceTree = "<group>"; };
		D678032D216F367600C342A8 /* TestableComparing.swift */ = {isa = PBXFileReference; lastKnownFileType = sourcecode.swift; path = TestableComparing.swift; sourceTree = "<group>"; };
		D68419FE216F4E3B0014D91E /* TestableInt.swift */ = {isa = PBXFileReference; lastKnownFileType = sourcecode.swift; path = TestableInt.swift; sourceTree = "<group>"; };
		D6841A00216F4EB70014D91E /* TestableFloat.swift */ = {isa = PBXFileReference; lastKnownFileType = sourcecode.swift; path = TestableFloat.swift; sourceTree = "<group>"; };
		D6841A02216F50570014D91E /* TestableDouble.swift */ = {isa = PBXFileReference; lastKnownFileType = sourcecode.swift; path = TestableDouble.swift; sourceTree = "<group>"; };
		D6841A04216F51B70014D91E /* TestableBool.swift */ = {isa = PBXFileReference; lastKnownFileType = sourcecode.swift; path = TestableBool.swift; sourceTree = "<group>"; };
		D6C9B1A4216E8D8900D46BE2 /* TestingError.swift */ = {isa = PBXFileReference; lastKnownFileType = sourcecode.swift; path = TestingError.swift; sourceTree = "<group>"; };
		D6C9B1BF216EA00700D46BE2 /* TestableBinaryArithmetic.swift */ = {isa = PBXFileReference; lastKnownFileType = sourcecode.swift; path = TestableBinaryArithmetic.swift; sourceTree = "<group>"; };
		D6C9B1C3216EA06C00D46BE2 /* TestableString.swift */ = {isa = PBXFileReference; lastKnownFileType = sourcecode.swift; path = TestableString.swift; sourceTree = "<group>"; };
/* End PBXFileReference section */

/* Begin PBXFrameworksBuildPhase section */
		D658E4AF216CD5C500FB80F5 /* Frameworks */ = {
			isa = PBXFrameworksBuildPhase;
			buildActionMask = 2147483647;
			files = (
			);
			runOnlyForDeploymentPostprocessing = 0;
		};
/* End PBXFrameworksBuildPhase section */

/* Begin PBXGroup section */
		D658E4A9216CD5C500FB80F5 = {
			isa = PBXGroup;
			children = (
				D658E4B4216CD5C500FB80F5 /* JavaLAB2 */,
				D658E4B3216CD5C500FB80F5 /* Products */,
			);
			sourceTree = "<group>";
		};
		D658E4B3216CD5C500FB80F5 /* Products */ = {
			isa = PBXGroup;
			children = (
				D658E4B2216CD5C500FB80F5 /* JavaLAB2 */,
			);
			name = Products;
			sourceTree = "<group>";
		};
		D658E4B4216CD5C500FB80F5 /* JavaLAB2 */ = {
			isa = PBXGroup;
			children = (
				D6C9B1C1216EA03700D46BE2 /* DataTypeExtensions */,
				D6C9B1BD216E9FA800D46BE2 /* Tester */,
				D658E4B5216CD5C500FB80F5 /* main.swift */,
			);
			path = JavaLAB2;
			sourceTree = "<group>";
		};
		D6C9B1BD216E9FA800D46BE2 /* Tester */ = {
			isa = PBXGroup;
			children = (
				D658E4BC216CD5E200FB80F5 /* Tester.swift */,
				D6C9B1A4216E8D8900D46BE2 /* TestingError.swift */,
				D6C9B1BF216EA00700D46BE2 /* TestableBinaryArithmetic.swift */,
				D6780327216F33EA00C342A8 /* TestableUnaryArithmetic.swift */,
				D6780329216F355E00C342A8 /* TestableBitwise.swift */,
				D678032B216F35EC00C342A8 /* TestableAssignment.swift */,
				D678032D216F367600C342A8 /* TestableComparing.swift */,
			);
			path = Tester;
			sourceTree = "<group>";
		};
		D6C9B1C1216EA03700D46BE2 /* DataTypeExtensions */ = {
			isa = PBXGroup;
			children = (
				D6C9B1C3216EA06C00D46BE2 /* TestableString.swift */,
				D68419FE216F4E3B0014D91E /* TestableInt.swift */,
				D6841A00216F4EB70014D91E /* TestableFloat.swift */,
				D6841A02216F50570014D91E /* TestableDouble.swift */,
				D6841A04216F51B70014D91E /* TestableBool.swift */,
			);
			path = DataTypeExtensions;
			sourceTree = "<group>";
		};
/* End PBXGroup section */

/* Begin PBXNativeTarget section */
		D658E4B1216CD5C500FB80F5 /* JavaLAB2 */ = {
			isa = PBXNativeTarget;
			buildConfigurationList = D658E4B9216CD5C500FB80F5 /* Build configuration list for PBXNativeTarget "JavaLAB2" */;
			buildPhases = (
				D658E4AE216CD5C500FB80F5 /* Sources */,
				D658E4AF216CD5C500FB80F5 /* Frameworks */,
				D658E4B0216CD5C500FB80F5 /* CopyFiles */,
			);
			buildRules = (
			);
			dependencies = (
			);
			name = JavaLAB2;
			productName = JavaLAB2;
			productReference = D658E4B2216CD5C500FB80F5 /* JavaLAB2 */;
			productType = "com.apple.product-type.tool";
		};
/* End PBXNativeTarget section */

/* Begin PBXProject section */
		D658E4AA216CD5C500FB80F5 /* Project object */ = {
			isa = PBXProject;
			attributes = {
				LastSwiftUpdateCheck = 1000;
				LastUpgradeCheck = 1000;
				ORGANIZATIONNAME = "Vladislav Kondrashkov";
				TargetAttributes = {
					D658E4B1216CD5C500FB80F5 = {
						CreatedOnToolsVersion = 10.0;
					};
				};
			};
			buildConfigurationList = D658E4AD216CD5C500FB80F5 /* Build configuration list for PBXProject "JavaLAB2" */;
			compatibilityVersion = "Xcode 9.3";
			developmentRegion = en;
			hasScannedForEncodings = 0;
			knownRegions = (
				en,
			);
			mainGroup = D658E4A9216CD5C500FB80F5;
			productRefGroup = D658E4B3216CD5C500FB80F5 /* Products */;
			projectDirPath = "";
			projectRoot = "";
			targets = (
				D658E4B1216CD5C500FB80F5 /* JavaLAB2 */,
			);
		};
/* End PBXProject section */

/* Begin PBXSourcesBuildPhase section */
		D658E4AE216CD5C500FB80F5 /* Sources */ = {
			isa = PBXSourcesBuildPhase;
			buildActionMask = 2147483647;
			files = (
				D6C9B1C0216EA00700D46BE2 /* TestableBinaryArithmetic.swift in Sources */,
				D6C9B1C4216EA06C00D46BE2 /* TestableString.swift in Sources */,
				D6841A03216F50570014D91E /* TestableDouble.swift in Sources */,
				D658E4BD216CD5E200FB80F5 /* Tester.swift in Sources */,
				D678032C216F35EC00C342A8 /* TestableAssignment.swift in Sources */,
				D678032E216F367600C342A8 /* TestableComparing.swift in Sources */,
				D6841A05216F51B70014D91E /* TestableBool.swift in Sources */,
				D68419FF216F4E3B0014D91E /* TestableInt.swift in Sources */,
				D678032A216F355E00C342A8 /* TestableBitwise.swift in Sources */,
				D658E4B6216CD5C500FB80F5 /* main.swift in Sources */,
				D6841A01216F4EB70014D91E /* TestableFloat.swift in Sources */,
				D6780328216F33EA00C342A8 /* TestableUnaryArithmetic.swift in Sources */,
				D6C9B1A5216E8D8900D46BE2 /* TestingError.swift in Sources */,
			);
			runOnlyForDeploymentPostprocessing = 0;
		};
/* End PBXSourcesBuildPhase section */

/* Begin XCBuildConfiguration section */
		D658E4B7216CD5C500FB80F5 /* Debug */ = {
			isa = XCBuildConfiguration;
			buildSettings = {
				ALWAYS_SEARCH_USER_PATHS = NO;
				CLANG_ANALYZER_NONNULL = YES;
				CLANG_ANALYZER_NUMBER_OBJECT_CONVERSION = YES_AGGRESSIVE;
				CLANG_CXX_LANGUAGE_STANDARD = "gnu++14";
				CLANG_CXX_LIBRARY = "libc++";
				CLANG_ENABLE_MODULES = YES;
				CLANG_ENABLE_OBJC_ARC = YES;
				CLANG_ENABLE_OBJC_WEAK = YES;
				CLANG_WARN_BLOCK_CAPTURE_AUTORELEASING = YES;
				CLANG_WARN_BOOL_CONVERSION = YES;
				CLANG_WARN_COMMA = YES;
				CLANG_WARN_CONSTANT_CONVERSION = YES;
				CLANG_WARN_DEPRECATED_OBJC_IMPLEMENTATIONS = YES;
				CLANG_WARN_DIRECT_OBJC_ISA_USAGE = YES_ERROR;
				CLANG_WARN_DOCUMENTATION_COMMENTS = YES;
				CLANG_WARN_EMPTY_BODY = YES;
				CLANG_WARN_ENUM_CONVERSION = YES;
				CLANG_WARN_INFINITE_RECURSION = YES;
				CLANG_WARN_INT_CONVERSION = YES;
				CLANG_WARN_NON_LITERAL_NULL_CONVERSION = YES;
				CLANG_WARN_OBJC_IMPLICIT_RETAIN_SELF = YES;
				CLANG_WARN_OBJC_LITERAL_CONVERSION = YES;
				CLANG_WARN_OBJC_ROOT_CLASS = YES_ERROR;
				CLANG_WARN_RANGE_LOOP_ANALYSIS = YES;
				CLANG_WARN_STRICT_PROTOTYPES = YES;
				CLANG_WARN_SUSPICIOUS_MOVE = YES;
				CLANG_WARN_UNGUARDED_AVAILABILITY = YES_AGGRESSIVE;
				CLANG_WARN_UNREACHABLE_CODE = YES;
				CLANG_WARN__DUPLICATE_METHOD_MATCH = YES;
				CODE_SIGN_IDENTITY = "Mac Developer";
				COPY_PHASE_STRIP = NO;
				DEBUG_INFORMATION_FORMAT = dwarf;
				ENABLE_STRICT_OBJC_MSGSEND = YES;
				ENABLE_TESTABILITY = YES;
				GCC_C_LANGUAGE_STANDARD = gnu11;
				GCC_DYNAMIC_NO_PIC = NO;
				GCC_NO_COMMON_BLOCKS = YES;
				GCC_OPTIMIZATION_LEVEL = 0;
				GCC_PREPROCESSOR_DEFINITIONS = (
					"DEBUG=1",
					"$(inherited)",
				);
				GCC_WARN_64_TO_32_BIT_CONVERSION = YES;
				GCC_WARN_ABOUT_RETURN_TYPE = YES_ERROR;
				GCC_WARN_UNDECLARED_SELECTOR = YES;
				GCC_WARN_UNINITIALIZED_AUTOS = YES_AGGRESSIVE;
				GCC_WARN_UNUSED_FUNCTION = YES;
				GCC_WARN_UNUSED_VARIABLE = YES;
				MACOSX_DEPLOYMENT_TARGET = 10.13;
				MTL_ENABLE_DEBUG_INFO = INCLUDE_SOURCE;
				MTL_FAST_MATH = YES;
				ONLY_ACTIVE_ARCH = YES;
				SDKROOT = macosx;
				SWIFT_ACTIVE_COMPILATION_CONDITIONS = DEBUG;
				SWIFT_OPTIMIZATION_LEVEL = "-Onone";
			};
			name = Debug;
		};
		D658E4B8216CD5C500FB80F5 /* Release */ = {
			isa = XCBuildConfiguration;
			buildSettings = {
				ALWAYS_SEARCH_USER_PATHS = NO;
				CLANG_ANALYZER_NONNULL = YES;
				CLANG_ANALYZER_NUMBER_OBJECT_CONVERSION = YES_AGGRESSIVE;
				CLANG_CXX_LANGUAGE_STANDARD = "gnu++14";
				CLANG_CXX_LIBRARY = "libc++";
				CLANG_ENABLE_MODULES = YES;
				CLANG_ENABLE_OBJC_ARC = YES;
				CLANG_ENABLE_OBJC_WEAK = YES;
				CLANG_WARN_BLOCK_CAPTURE_AUTORELEASING = YES;
				CLANG_WARN_BOOL_CONVERSION = YES;
				CLANG_WARN_COMMA = YES;
				CLANG_WARN_CONSTANT_CONVERSION = YES;
				CLANG_WARN_DEPRECATED_OBJC_IMPLEMENTATIONS = YES;
				CLANG_WARN_DIRECT_OBJC_ISA_USAGE = YES_ERROR;
				CLANG_WARN_DOCUMENTATION_COMMENTS = YES;
				CLANG_WARN_EMPTY_BODY = YES;
				CLANG_WARN_ENUM_CONVERSION = YES;
				CLANG_WARN_INFINITE_RECURSION = YES;
				CLANG_WARN_INT_CONVERSION = YES;
				CLANG_WARN_NON_LITERAL_NULL_CONVERSION = YES;
				CLANG_WARN_OBJC_IMPLICIT_RETAIN_SELF = YES;
				CLANG_WARN_OBJC_LITERAL_CONVERSION = YES;
				CLANG_WARN_OBJC_ROOT_CLASS = YES_ERROR;
				CLANG_WARN_RANGE_LOOP_ANALYSIS = YES;
				CLANG_WARN_STRICT_PROTOTYPES = YES;
				CLANG_WARN_SUSPICIOUS_MOVE = YES;
				CLANG_WARN_UNGUARDED_AVAILABILITY = YES_AGGRESSIVE;
				CLANG_WARN_UNREACHABLE_CODE = YES;
				CLANG_WARN__DUPLICATE_METHOD_MATCH = YES;
				CODE_SIGN_IDENTITY = "Mac Developer";
				COPY_PHASE_STRIP = NO;
				DEBUG_INFORMATION_FORMAT = "dwarf-with-dsym";
				ENABLE_NS_ASSERTIONS = NO;
				ENABLE_STRICT_OBJC_MSGSEND = YES;
				GCC_C_LANGUAGE_STANDARD = gnu11;
				GCC_NO_COMMON_BLOCKS = YES;
				GCC_WARN_64_TO_32_BIT_CONVERSION = YES;
				GCC_WARN_ABOUT_RETURN_TYPE = YES_ERROR;
				GCC_WARN_UNDECLARED_SELECTOR = YES;
				GCC_WARN_UNINITIALIZED_AUTOS = YES_AGGRESSIVE;
				GCC_WARN_UNUSED_FUNCTION = YES;
				GCC_WARN_UNUSED_VARIABLE = YES;
				MACOSX_DEPLOYMENT_TARGET = 10.13;
				MTL_ENABLE_DEBUG_INFO = NO;
				MTL_FAST_MATH = YES;
				SDKROOT = macosx;
				SWIFT_COMPILATION_MODE = wholemodule;
				SWIFT_OPTIMIZATION_LEVEL = "-O";
			};
			name = Release;
		};
		D658E4BA216CD5C500FB80F5 /* Debug */ = {
			isa = XCBuildConfiguration;
			buildSettings = {
				CODE_SIGN_STYLE = Automatic;
				DEVELOPMENT_TEAM = 6D9VU6JV7P;
				PRODUCT_NAME = "$(TARGET_NAME)";
				SWIFT_VERSION = 4.2;
			};
			name = Debug;
		};
		D658E4BB216CD5C500FB80F5 /* Release */ = {
			isa = XCBuildConfiguration;
			buildSettings = {
				CODE_SIGN_STYLE = Automatic;
				DEVELOPMENT_TEAM = 6D9VU6JV7P;
				PRODUCT_NAME = "$(TARGET_NAME)";
				SWIFT_VERSION = 4.2;
			};
			name = Release;
		};
/* End XCBuildConfiguration section */

/* Begin XCConfigurationList section */
		D658E4AD216CD5C500FB80F5 /* Build configuration list for PBXProject "JavaLAB2" */ = {
			isa = XCConfigurationList;
			buildConfigurations = (
				D658E4B7216CD5C500FB80F5 /* Debug */,
				D658E4B8216CD5C500FB80F5 /* Release */,
			);
			defaultConfigurationIsVisible = 0;
			defaultConfigurationName = Release;
		};
		D658E4B9216CD5C500FB80F5 /* Build configuration list for PBXNativeTarget "JavaLAB2" */ = {
			isa = XCConfigurationList;
			buildConfigurations = (
				D658E4BA216CD5C500FB80F5 /* Debug */,
				D658E4BB216CD5C500FB80F5 /* Release */,
			);
			defaultConfigurationIsVisible = 0;
			defaultConfigurationName = Release;
		};
/* End XCConfigurationList section */
	};
	rootObject = D658E4AA216CD5C500FB80F5 /* Project object */;
}
